
Microsoft Visual Studio Solution File, Format Version 12.00
# Visual Studio 15
VisualStudioVersion = 15.0.27130.2036
MinimumVisualStudioVersion = 10.0.40219.1
Project("{FAE04EC0-301F-11D3-BF4B-00C04F79EFBC}") = "RestCSharp", "RestCSharp\RestCSharp.csproj", "{92325A87-E222-4CF7-ADF8-8E1BA66E8265}"
EndProject
Global
	GlobalSection(SolutionConfigurationPlatforms) = preSolution
		Debug|Any CPU = Debug|Any CPU
		Release|Any CPU = Release|Any CPU
	EndGlobalSection
	GlobalSection(ProjectConfigurationPlatforms) = postSolution
		{92325A87-E222-4CF7-ADF8-8E1BA66E8265}.Debug|Any CPU.ActiveCfg = Debug|Any CPU
		{92325A87-E222-4CF7-ADF8-8E1BA66E8265}.Debug|Any CPU.Build.0 = Debug|Any CPU
		{92325A87-E222-4CF7-ADF8-8E1BA66E8265}.Release|Any CPU.ActiveCfg = Release|Any CPU
		{92325A87-E222-4CF7-ADF8-8E1BA66E8265}.Release|Any CPU.Build.0 = Release|Any CPU
	EndGlobalSection
	GlobalSection(SolutionProperties) = preSolution
		HideSolutionNode = FALSE
	EndGlobalSection
	GlobalSection(ExtensibilityGlobals) = postSolution
		SolutionGuid = {8A1AE919-4454-4B2C-A922-E9DCE0C0E92F}
	EndGlobalSection
EndGlobal
